// !$*UTF8*$!
{
	archiveVersion = 1;
	classes = {
	};
	objectVersion = 56;
	objects = {

/* Begin PBXBuildFile section */
		3C36B23C6F719E84D10ECE91 /* AppInactivityService.swift in Sources */ = {isa = PBXBuildFile; fileRef = 4D8AAF1355AD0ACA8137F01D /* AppInactivityService.swift */; };
		A10000000000000000000001 /* MakLockApp.swift in Sources */ = {isa = PBXBuildFile; fileRef = A10000000000000000000011 /* MakLockApp.swift */; };
		A10000000000000000000002 /* Assets.xcassets in Resources */ = {isa = PBXBuildFile; fileRef = A10000000000000000000012 /* Assets.xcassets */; };
		B10000000000000000000001 /* Localizable.strings in Resources */ = {isa = PBXBuildFile; fileRef = B10000000000000000000005 /* Localizable.strings */; };
		B10000000000000000000002 /* InfoPlist.strings in Resources */ = {isa = PBXBuildFile; fileRef = B10000000000000000000008 /* InfoPlist.strings */; };
		A10000000000000000000101 /* Colors.swift in Sources */ = {isa = PBXBuildFile; fileRef = A10000000000000000000111 /* Colors.swift */; };
		A10000000000000000000102 /* Typography.swift in Sources */ = {isa = PBXBuildFile; fileRef = A10000000000000000000112 /* Typography.swift */; };
		A10000000000000000000103 /* Animations.swift in Sources */ = {isa = PBXBuildFile; fileRef = A10000000000000000000113 /* Animations.swift */; };
		A10000000000000000000104 /* BlurView.swift in Sources */ = {isa = PBXBuildFile; fileRef = A10000000000000000000114 /* BlurView.swift */; };
		A10000000000000000000105 /* PrimaryButton.swift in Sources */ = {isa = PBXBuildFile; fileRef = A10000000000000000000115 /* PrimaryButton.swift */; };
		A10000000000000000000106 /* SecondaryButton.swift in Sources */ = {isa = PBXBuildFile; fileRef = A10000000000000000000116 /* SecondaryButton.swift */; };
		A10000000000000000000107 /* AppIconView.swift in Sources */ = {isa = PBXBuildFile; fileRef = A10000000000000000000117 /* AppIconView.swift */; };
		A10000000000000000000108 /* ToggleStyles.swift in Sources */ = {isa = PBXBuildFile; fileRef = A10000000000000000000118 /* ToggleStyles.swift */; };
		A10000000000000000000201 /* ProtectedApp.swift in Sources */ = {isa = PBXBuildFile; fileRef = A10000000000000000000211 /* ProtectedApp.swift */; };
		A10000000000000000000202 /* AppSettings.swift in Sources */ = {isa = PBXBuildFile; fileRef = A10000000000000000000212 /* AppSettings.swift */; };
		A10000000000000000000203 /* LockSession.swift in Sources */ = {isa = PBXBuildFile; fileRef = A10000000000000000000213 /* LockSession.swift */; };
		A10000000000000000000204 /* AuthMethod.swift in Sources */ = {isa = PBXBuildFile; fileRef = A10000000000000000000214 /* AuthMethod.swift */; };
		A10000000000000000000205 /* Defaults.swift in Sources */ = {isa = PBXBuildFile; fileRef = A10000000000000000000215 /* Defaults.swift */; };
		A10000000000000000000206 /* KeychainManager.swift in Sources */ = {isa = PBXBuildFile; fileRef = A10000000000000000000216 /* KeychainManager.swift */; };
		A10000000000000000000301 /* SafetyManager.swift in Sources */ = {isa = PBXBuildFile; fileRef = A10000000000000000000311 /* SafetyManager.swift */; };
		A10000000000000000000401 /* MenuBarController.swift in Sources */ = {isa = PBXBuildFile; fileRef = A10000000000000000000411 /* MenuBarController.swift */; };
		A10000000000000000000402 /* AppDelegate.swift in Sources */ = {isa = PBXBuildFile; fileRef = A10000000000000000000412 /* AppDelegate.swift */; };
		A10000000000000000000403 /* MenuBarView.swift in Sources */ = {isa = PBXBuildFile; fileRef = A10000000000000000000413 /* MenuBarView.swift */; };
		A10000000000000000000501 /* SettingsWindow.swift in Sources */ = {isa = PBXBuildFile; fileRef = A10000000000000000000511 /* SettingsWindow.swift */; };
		A10000000000000000000502 /* SettingsView.swift in Sources */ = {isa = PBXBuildFile; fileRef = A10000000000000000000512 /* SettingsView.swift */; };
		A10000000000000000000503 /* GeneralSettingsView.swift in Sources */ = {isa = PBXBuildFile; fileRef = A10000000000000000000513 /* GeneralSettingsView.swift */; };
		A10000000000000000000504 /* AppsSettingsView.swift in Sources */ = {isa = PBXBuildFile; fileRef = A10000000000000000000514 /* AppsSettingsView.swift */; };
		A10000000000000000000505 /* SecuritySettingsView.swift in Sources */ = {isa = PBXBuildFile; fileRef = A10000000000000000000515 /* SecuritySettingsView.swift */; };
		A10000000000000000000506 /* WatchSettingsView.swift in Sources */ = {isa = PBXBuildFile; fileRef = A10000000000000000000516 /* WatchSettingsView.swift */; };
		A10000000000000000000601 /* AppMonitorService.swift in Sources */ = {isa = PBXBuildFile; fileRef = A10000000000000000000611 /* AppMonitorService.swift */; };
		A10000000000000000000602 /* ProtectedAppsManager.swift in Sources */ = {isa = PBXBuildFile; fileRef = A10000000000000000000612 /* ProtectedAppsManager.swift */; };
		A10000000000000000000701 /* AppPickerView.swift in Sources */ = {isa = PBXBuildFile; fileRef = A10000000000000000000711 /* AppPickerView.swift */; };
		A10000000000000000000702 /* AppPickerWindow.swift in Sources */ = {isa = PBXBuildFile; fileRef = A10000000000000000000712 /* AppPickerWindow.swift */; };
		A10000000000000000000801 /* LockOverlayWindow.swift in Sources */ = {isa = PBXBuildFile; fileRef = A10000000000000000000811 /* LockOverlayWindow.swift */; };
		A10000000000000000000802 /* LockOverlayView.swift in Sources */ = {isa = PBXBuildFile; fileRef = A10000000000000000000812 /* LockOverlayView.swift */; };
		A10000000000000000000803 /* OverlayWindowService.swift in Sources */ = {isa = PBXBuildFile; fileRef = A10000000000000000000813 /* OverlayWindowService.swift */; };
		A10000000000000000000804 /* WatchUnlockToast.swift in Sources */ = {isa = PBXBuildFile; fileRef = A10000000000000000000814 /* WatchUnlockToast.swift */; };
		A10000000000000000000901 /* AuthenticationService.swift in Sources */ = {isa = PBXBuildFile; fileRef = A10000000000000000000911 /* AuthenticationService.swift */; };
		A10000000000000000000902 /* PasswordInputView.swift in Sources */ = {isa = PBXBuildFile; fileRef = A10000000000000000000912 /* PasswordInputView.swift */; };
		A10000000000000000000A01 /* IdleMonitorService.swift in Sources */ = {isa = PBXBuildFile; fileRef = A10000000000000000000A11 /* IdleMonitorService.swift */; };
		A10000000000000000000B01 /* SleepWakeService.swift in Sources */ = {isa = PBXBuildFile; fileRef = A10000000000000000000B11 /* SleepWakeService.swift */; };
		A10000000000000000000C01 /* WatchProximityService.swift in Sources */ = {isa = PBXBuildFile; fileRef = A10000000000000000000C11 /* WatchProximityService.swift */; };
		A10000000000000000000D01 /* OnboardingView.swift in Sources */ = {isa = PBXBuildFile; fileRef = A10000000000000000000D11 /* OnboardingView.swift */; };
		A10000000000000000000D02 /* OnboardingWindow.swift in Sources */ = {isa = PBXBuildFile; fileRef = A10000000000000000000D12 /* OnboardingWindow.swift */; };
		A10000000000000000000E01 /* AboutView.swift in Sources */ = {isa = PBXBuildFile; fileRef = A10000000000000000000E11 /* AboutView.swift */; };
		A10000000000000000000F03 /* HotKey in Frameworks */ = {isa = PBXBuildFile; productRef = A10000000000000000000F02 /* HotKey */; };
		A10000000000000000001001 /* SettingsAuthService.swift in Sources */ = {isa = PBXBuildFile; fileRef = A10000000000000000001011 /* SettingsAuthService.swift */; };
		A10000000000000000001101 /* UpdateService.swift in Sources */ = {isa = PBXBuildFile; fileRef = A10000000000000000001111 /* UpdateService.swift */; };
		A10000000000000000001203 /* Sparkle in Frameworks */ = {isa = PBXBuildFile; productRef = A10000000000000000001202 /* Sparkle */; };
/* End PBXBuildFile section */

/* Begin PBXFileReference section */
		4D8AAF1355AD0ACA8137F01D /* AppInactivityService.swift */ = {isa = PBXFileReference; includeInIndex = 1; lastKnownFileType = sourcecode.swift; path = AppInactivityService.swift; sourceTree = "<group>"; };
		A10000000000000000000010 /* MakLock.app */ = {isa = PBXFileReference; explicitFileType = wrapper.application; includeInIndex = 0; path = MakLock.app; sourceTree = BUILT_PRODUCTS_DIR; };
		A10000000000000000000011 /* MakLockApp.swift */ = {isa = PBXFileReference; lastKnownFileType = sourcecode.swift; path = MakLockApp.swift; sourceTree = "<group>"; };
		A10000000000000000000012 /* Assets.xcassets */ = {isa = PBXFileReference; lastKnownFileType = folder.assetcatalog; path = Assets.xcassets; sourceTree = "<group>"; };
		A10000000000000000000013 /* Info.plist */ = {isa = PBXFileReference; lastKnownFileType = text.plist.xml; path = Info.plist; sourceTree = "<group>"; };
		A10000000000000000000014 /* MakLock.entitlements */ = {isa = PBXFileReference; lastKnownFileType = text.plist.entitlements; path = MakLock.entitlements; sourceTree = "<group>"; };
		A10000000000000000000111 /* Colors.swift */ = {isa = PBXFileReference; lastKnownFileType = sourcecode.swift; path = Colors.swift; sourceTree = "<group>"; };
		A10000000000000000000112 /* Typography.swift */ = {isa = PBXFileReference; lastKnownFileType = sourcecode.swift; path = Typography.swift; sourceTree = "<group>"; };
		A10000000000000000000113 /* Animations.swift */ = {isa = PBXFileReference; lastKnownFileType = sourcecode.swift; path = Animations.swift; sourceTree = "<group>"; };
		A10000000000000000000114 /* BlurView.swift */ = {isa = PBXFileReference; lastKnownFileType = sourcecode.swift; path = BlurView.swift; sourceTree = "<group>"; };
		A10000000000000000000115 /* PrimaryButton.swift */ = {isa = PBXFileReference; lastKnownFileType = sourcecode.swift; path = PrimaryButton.swift; sourceTree = "<group>"; };
		A10000000000000000000116 /* SecondaryButton.swift */ = {isa = PBXFileReference; lastKnownFileType = sourcecode.swift; path = SecondaryButton.swift; sourceTree = "<group>"; };
		A10000000000000000000117 /* AppIconView.swift */ = {isa = PBXFileReference; lastKnownFileType = sourcecode.swift; path = AppIconView.swift; sourceTree = "<group>"; };
		A10000000000000000000118 /* ToggleStyles.swift */ = {isa = PBXFileReference; lastKnownFileType = sourcecode.swift; path = ToggleStyles.swift; sourceTree = "<group>"; };
		A10000000000000000000211 /* ProtectedApp.swift */ = {isa = PBXFileReference; lastKnownFileType = sourcecode.swift; path = ProtectedApp.swift; sourceTree = "<group>"; };
		A10000000000000000000212 /* AppSettings.swift */ = {isa = PBXFileReference; lastKnownFileType = sourcecode.swift; path = AppSettings.swift; sourceTree = "<group>"; };
		A10000000000000000000213 /* LockSession.swift */ = {isa = PBXFileReference; lastKnownFileType = sourcecode.swift; path = LockSession.swift; sourceTree = "<group>"; };
		A10000000000000000000214 /* AuthMethod.swift */ = {isa = PBXFileReference; lastKnownFileType = sourcecode.swift; path = AuthMethod.swift; sourceTree = "<group>"; };
		A10000000000000000000215 /* Defaults.swift */ = {isa = PBXFileReference; lastKnownFileType = sourcecode.swift; path = Defaults.swift; sourceTree = "<group>"; };
		A10000000000000000000216 /* KeychainManager.swift */ = {isa = PBXFileReference; lastKnownFileType = sourcecode.swift; path = KeychainManager.swift; sourceTree = "<group>"; };
		A10000000000000000000311 /* SafetyManager.swift */ = {isa = PBXFileReference; lastKnownFileType = sourcecode.swift; path = SafetyManager.swift; sourceTree = "<group>"; };
		A10000000000000000000411 /* MenuBarController.swift */ = {isa = PBXFileReference; lastKnownFileType = sourcecode.swift; path = MenuBarController.swift; sourceTree = "<group>"; };
		A10000000000000000000412 /* AppDelegate.swift */ = {isa = PBXFileReference; lastKnownFileType = sourcecode.swift; path = AppDelegate.swift; sourceTree = "<group>"; };
		A10000000000000000000413 /* MenuBarView.swift */ = {isa = PBXFileReference; lastKnownFileType = sourcecode.swift; path = MenuBarView.swift; sourceTree = "<group>"; };
		A10000000000000000000511 /* SettingsWindow.swift */ = {isa = PBXFileReference; lastKnownFileType = sourcecode.swift; path = SettingsWindow.swift; sourceTree = "<group>"; };
		A10000000000000000000512 /* SettingsView.swift */ = {isa = PBXFileReference; lastKnownFileType = sourcecode.swift; path = SettingsView.swift; sourceTree = "<group>"; };
		A10000000000000000000513 /* GeneralSettingsView.swift */ = {isa = PBXFileReference; lastKnownFileType = sourcecode.swift; path = GeneralSettingsView.swift; sourceTree = "<group>"; };
		A10000000000000000000514 /* AppsSettingsView.swift */ = {isa = PBXFileReference; lastKnownFileType = sourcecode.swift; path = AppsSettingsView.swift; sourceTree = "<group>"; };
		A10000000000000000000515 /* SecuritySettingsView.swift */ = {isa = PBXFileReference; lastKnownFileType = sourcecode.swift; path = SecuritySettingsView.swift; sourceTree = "<group>"; };
		A10000000000000000000516 /* WatchSettingsView.swift */ = {isa = PBXFileReference; lastKnownFileType = sourcecode.swift; path = WatchSettingsView.swift; sourceTree = "<group>"; };
		A10000000000000000000611 /* AppMonitorService.swift */ = {isa = PBXFileReference; lastKnownFileType = sourcecode.swift; path = AppMonitorService.swift; sourceTree = "<group>"; };
		A10000000000000000000612 /* ProtectedAppsManager.swift */ = {isa = PBXFileReference; lastKnownFileType = sourcecode.swift; path = ProtectedAppsManager.swift; sourceTree = "<group>"; };
		A10000000000000000000711 /* AppPickerView.swift */ = {isa = PBXFileReference; lastKnownFileType = sourcecode.swift; path = AppPickerView.swift; sourceTree = "<group>"; };
		A10000000000000000000712 /* AppPickerWindow.swift */ = {isa = PBXFileReference; lastKnownFileType = sourcecode.swift; path = AppPickerWindow.swift; sourceTree = "<group>"; };
		A10000000000000000000811 /* LockOverlayWindow.swift */ = {isa = PBXFileReference; lastKnownFileType = sourcecode.swift; path = LockOverlayWindow.swift; sourceTree = "<group>"; };
		A10000000000000000000812 /* LockOverlayView.swift */ = {isa = PBXFileReference; lastKnownFileType = sourcecode.swift; path = LockOverlayView.swift; sourceTree = "<group>"; };
		A10000000000000000000813 /* OverlayWindowService.swift */ = {isa = PBXFileReference; lastKnownFileType = sourcecode.swift; path = OverlayWindowService.swift; sourceTree = "<group>"; };
		A10000000000000000000814 /* WatchUnlockToast.swift */ = {isa = PBXFileReference; lastKnownFileType = sourcecode.swift; path = WatchUnlockToast.swift; sourceTree = "<group>"; };
		A10000000000000000000911 /* AuthenticationService.swift */ = {isa = PBXFileReference; lastKnownFileType = sourcecode.swift; path = AuthenticationService.swift; sourceTree = "<group>"; };
		A10000000000000000000912 /* PasswordInputView.swift */ = {isa = PBXFileReference; lastKnownFileType = sourcecode.swift; path = PasswordInputView.swift; sourceTree = "<group>"; };
		A10000000000000000000A11 /* IdleMonitorService.swift */ = {isa = PBXFileReference; lastKnownFileType = sourcecode.swift; path = IdleMonitorService.swift; sourceTree = "<group>"; };
		A10000000000000000000B11 /* SleepWakeService.swift */ = {isa = PBXFileReference; lastKnownFileType = sourcecode.swift; path = SleepWakeService.swift; sourceTree = "<group>"; };
		A10000000000000000000C11 /* WatchProximityService.swift */ = {isa = PBXFileReference; lastKnownFileType = sourcecode.swift; path = WatchProximityService.swift; sourceTree = "<group>"; };
		A10000000000000000000D11 /* OnboardingView.swift */ = {isa = PBXFileReference; lastKnownFileType = sourcecode.swift; path = OnboardingView.swift; sourceTree = "<group>"; };
		A10000000000000000000D12 /* OnboardingWindow.swift */ = {isa = PBXFileReference; lastKnownFileType = sourcecode.swift; path = OnboardingWindow.swift; sourceTree = "<group>"; };
		A10000000000000000000E11 /* AboutView.swift */ = {isa = PBXFileReference; lastKnownFileType = sourcecode.swift; path = AboutView.swift; sourceTree = "<group>"; };
		A10000000000000000001011 /* SettingsAuthService.swift */ = {isa = PBXFileReference; lastKnownFileType = sourcecode.swift; path = SettingsAuthService.swift; sourceTree = "<group>"; };
		A10000000000000000001111 /* UpdateService.swift */ = {isa = PBXFileReference; lastKnownFileType = sourcecode.swift; path = UpdateService.swift; sourceTree = "<group>"; };
		B10000000000000000000003 /* en */ = {isa = PBXFileReference; lastKnownFileType = text.plist.strings; name = en; path = en.lproj/Localizable.strings; sourceTree = "<group>"; };
		B10000000000000000000004 /* zh-Hans */ = {isa = PBXFileReference; lastKnownFileType = text.plist.strings; name = "zh-Hans"; path = "zh-Hans.lproj/Localizable.strings"; sourceTree = "<group>"; };
		B10000000000000000000006 /* en */ = {isa = PBXFileReference; lastKnownFileType = text.plist.strings; name = en; path = en.lproj/InfoPlist.strings; sourceTree = "<group>"; };
		B10000000000000000000007 /* zh-Hans */ = {isa = PBXFileReference; lastKnownFileType = text.plist.strings; name = "zh-Hans"; path = "zh-Hans.lproj/InfoPlist.strings"; sourceTree = "<group>"; };
/* End PBXFileReference section */

/* Begin PBXFrameworksBuildPhase section */
		A10000000000000000000020 /* Frameworks */ = {
			isa = PBXFrameworksBuildPhase;
			buildActionMask = 2147483647;
			files = (
				A10000000000000000000F03 /* HotKey in Frameworks */,
				A10000000000000000001203 /* Sparkle in Frameworks */,
			);
			runOnlyForDeploymentPostprocessing = 0;
		};
/* End PBXFrameworksBuildPhase section */

/* Begin PBXGroup section */
		A10000000000000000000030 = {
			isa = PBXGroup;
			children = (
				A10000000000000000000031 /* MakLock */,
				A10000000000000000000034 /* Products */,
			);
			sourceTree = "<group>";
		};
		A10000000000000000000031 /* MakLock */ = {
			isa = PBXGroup;
			children = (
				A10000000000000000000032 /* App */,
				A100000000000000000000C0 /* Core */,
				A100000000000000000000D0 /* UI */,
				A100000000000000000000E0 /* Models */,
				A10000000000000000000033 /* Resources */,
			);
			path = MakLock;
			sourceTree = "<group>";
		};
		A10000000000000000000032 /* App */ = {
			isa = PBXGroup;
			children = (
				A10000000000000000000011 /* MakLockApp.swift */,
				A10000000000000000000412 /* AppDelegate.swift */,
			);
			path = App;
			sourceTree = "<group>";
		};
		A10000000000000000000033 /* Resources */ = {
			isa = PBXGroup;
			children = (
				A10000000000000000000012 /* Assets.xcassets */,
				A10000000000000000000013 /* Info.plist */,
				A10000000000000000000014 /* MakLock.entitlements */,
				B10000000000000000000005 /* Localizable.strings */,
				B10000000000000000000008 /* InfoPlist.strings */,
			);
			path = Resources;
			sourceTree = "<group>";
		};
		A10000000000000000000034 /* Products */ = {
			isa = PBXGroup;
			children = (
				A10000000000000000000010 /* MakLock.app */,
			);
			name = Products;
			sourceTree = "<group>";
		};
		A100000000000000000000C0 /* Core */ = {
			isa = PBXGroup;
			children = (
				A100000000000000000000C1 /* Services */,
				A100000000000000000000C2 /* Managers */,
				A100000000000000000000C3 /* Storage */,
			);
			path = Core;
			sourceTree = "<group>";
		};
		A100000000000000000000C1 /* Services */ = {
			isa = PBXGroup;
			children = (
				A10000000000000000000611 /* AppMonitorService.swift */,
				A10000000000000000000813 /* OverlayWindowService.swift */,
				A10000000000000000000911 /* AuthenticationService.swift */,
				A10000000000000000000A11 /* IdleMonitorService.swift */,
				A10000000000000000000B11 /* SleepWakeService.swift */,
				A10000000000000000000C11 /* WatchProximityService.swift */,
				4D8AAF1355AD0ACA8137F01D /* AppInactivityService.swift */,
				A10000000000000000001011 /* SettingsAuthService.swift */,
				A10000000000000000001111 /* UpdateService.swift */,
			);
			path = Services;
			sourceTree = "<group>";
		};
		A100000000000000000000C2 /* Managers */ = {
			isa = PBXGroup;
			children = (
				A10000000000000000000311 /* SafetyManager.swift */,
				A10000000000000000000612 /* ProtectedAppsManager.swift */,
			);
			path = Managers;
			sourceTree = "<group>";
		};
		A100000000000000000000C3 /* Storage */ = {
			isa = PBXGroup;
			children = (
				A10000000000000000000215 /* Defaults.swift */,
				A10000000000000000000216 /* KeychainManager.swift */,
			);
			path = Storage;
			sourceTree = "<group>";
		};
		A100000000000000000000D0 /* UI */ = {
			isa = PBXGroup;
			children = (
				A100000000000000000000D1 /* Design */,
				A100000000000000000000D2 /* Components */,
				A100000000000000000000D3 /* MenuBar */,
				A100000000000000000000D4 /* Settings */,
				A100000000000000000000D5 /* LockOverlay */,
				A100000000000000000000D6 /* AppPicker */,
				A100000000000000000000D7 /* Onboarding */,
			);
			path = UI;
			sourceTree = "<group>";
		};
		A100000000000000000000D1 /* Design */ = {
			isa = PBXGroup;
			children = (
				A10000000000000000000111 /* Colors.swift */,
				A10000000000000000000112 /* Typography.swift */,
				A10000000000000000000113 /* Animations.swift */,
				A10000000000000000000118 /* ToggleStyles.swift */,
			);
			path = Design;
			sourceTree = "<group>";
		};
		A100000000000000000000D2 /* Components */ = {
			isa = PBXGroup;
			children = (
				A10000000000000000000114 /* BlurView.swift */,
				A10000000000000000000115 /* PrimaryButton.swift */,
				A10000000000000000000116 /* SecondaryButton.swift */,
				A10000000000000000000117 /* AppIconView.swift */,
			);
			path = Components;
			sourceTree = "<group>";
		};
		A100000000000000000000D3 /* MenuBar */ = {
			isa = PBXGroup;
			children = (
				A10000000000000000000411 /* MenuBarController.swift */,
				A10000000000000000000413 /* MenuBarView.swift */,
			);
			path = MenuBar;
			sourceTree = "<group>";
		};
		A100000000000000000000D4 /* Settings */ = {
			isa = PBXGroup;
			children = (
				A10000000000000000000511 /* SettingsWindow.swift */,
				A10000000000000000000512 /* SettingsView.swift */,
				A10000000000000000000513 /* GeneralSettingsView.swift */,
				A10000000000000000000514 /* AppsSettingsView.swift */,
				A10000000000000000000515 /* SecuritySettingsView.swift */,
				A10000000000000000000516 /* WatchSettingsView.swift */,
				A10000000000000000000E11 /* AboutView.swift */,
			);
			path = Settings;
			sourceTree = "<group>";
		};
		A100000000000000000000D5 /* LockOverlay */ = {
			isa = PBXGroup;
			children = (
				A10000000000000000000811 /* LockOverlayWindow.swift */,
				A10000000000000000000812 /* LockOverlayView.swift */,
				A10000000000000000000912 /* PasswordInputView.swift */,
				A10000000000000000000814 /* WatchUnlockToast.swift */,
			);
			path = LockOverlay;
			sourceTree = "<group>";
		};
		A100000000000000000000D6 /* AppPicker */ = {
			isa = PBXGroup;
			children = (
				A10000000000000000000711 /* AppPickerView.swift */,
				A10000000000000000000712 /* AppPickerWindow.swift */,
			);
			path = AppPicker;
			sourceTree = "<group>";
		};
		A100000000000000000000D7 /* Onboarding */ = {
			isa = PBXGroup;
			children = (
				A10000000000000000000D11 /* OnboardingView.swift */,
				A10000000000000000000D12 /* OnboardingWindow.swift */,
			);
			path = Onboarding;
			sourceTree = "<group>";
		};
		A100000000000000000000E0 /* Models */ = {
			isa = PBXGroup;
			children = (
				A10000000000000000000211 /* ProtectedApp.swift */,
				A10000000000000000000212 /* AppSettings.swift */,
				A10000000000000000000213 /* LockSession.swift */,
				A10000000000000000000214 /* AuthMethod.swift */,
			);
			path = Models;
			sourceTree = "<group>";
		};
/* End PBXGroup section */

/* Begin PBXNativeTarget section */
		A10000000000000000000040 /* MakLock */ = {
			isa = PBXNativeTarget;
			buildConfigurationList = A10000000000000000000063 /* Build configuration list for PBXNativeTarget "MakLock" */;
			buildPhases = (
				A10000000000000000000050 /* Sources */,
				A10000000000000000000020 /* Frameworks */,
				A10000000000000000000051 /* Resources */,
			);
			buildRules = (
			);
			dependencies = (
			);
			name = MakLock;
			packageProductDependencies = (
				A10000000000000000000F02 /* HotKey */,
				A10000000000000000001202 /* Sparkle */,
			);
			productName = MakLock;
			productReference = A10000000000000000000010 /* MakLock.app */;
			productType = "com.apple.product-type.application";
		};
/* End PBXNativeTarget section */

/* Begin PBXProject section */
		A10000000000000000000041 /* Project object */ = {
			isa = PBXProject;
			attributes = {
				BuildIndependentTargetsInParallel = 1;
				LastSwiftUpdateCheck = 1500;
				LastUpgradeCheck = 1500;
				TargetAttributes = {
					A10000000000000000000040 = {
						CreatedOnToolsVersion = 15.0;
					};
				};
			};
			buildConfigurationList = A10000000000000000000060 /* Build configuration list for PBXProject "MakLock" */;
			compatibilityVersion = "Xcode 14.0";
			developmentRegion = en;
			hasScannedForEncodings = 0;
			knownRegions = (
				en,
				Base,
				"zh-Hans",
			);
			mainGroup = A10000000000000000000030;
			packageReferences = (
				A10000000000000000000F01 /* XCRemoteSwiftPackageReference "HotKey" */,
				A10000000000000000001201 /* XCRemoteSwiftPackageReference "Sparkle" */,
			);
			productRefGroup = A10000000000000000000034 /* Products */;
			projectDirPath = "";
			projectRoot = "";
			targets = (
				A10000000000000000000040 /* MakLock */,
			);
		};
/* End PBXProject section */

/* Begin PBXResourcesBuildPhase section */
		A10000000000000000000051 /* Resources */ = {
			isa = PBXResourcesBuildPhase;
			buildActionMask = 2147483647;
			files = (
				A10000000000000000000002 /* Assets.xcassets in Resources */,
				B10000000000000000000001 /* Localizable.strings in Resources */,
				B10000000000000000000002 /* InfoPlist.strings in Resources */,
			);
			runOnlyForDeploymentPostprocessing = 0;
		};
/* End PBXResourcesBuildPhase section */

/* Begin PBXVariantGroup section */
		B10000000000000000000005 /* Localizable.strings */ = {
			isa = PBXVariantGroup;
			children = (
				B10000000000000000000003 /* en */,
				B10000000000000000000004 /* zh-Hans */,
			);
			name = Localizable.strings;
			sourceTree = "<group>";
		};
		B10000000000000000000008 /* InfoPlist.strings */ = {
			isa = PBXVariantGroup;
			children = (
				B10000000000000000000006 /* en */,
				B10000000000000000000007 /* zh-Hans */,
			);
			name = InfoPlist.strings;
			sourceTree = "<group>";
		};
/* End PBXVariantGroup section */

/* Begin PBXSourcesBuildPhase section */
		A10000000000000000000050 /* Sources */ = {
			isa = PBXSourcesBuildPhase;
			buildActionMask = 2147483647;
			files = (
				A10000000000000000000001 /* MakLockApp.swift in Sources */,
				A10000000000000000000101 /* Colors.swift in Sources */,
				A10000000000000000000102 /* Typography.swift in Sources */,
				A10000000000000000000103 /* Animations.swift in Sources */,
				A10000000000000000000108 /* ToggleStyles.swift in Sources */,
				A10000000000000000000104 /* BlurView.swift in Sources */,
				A10000000000000000000105 /* PrimaryButton.swift in Sources */,
				A10000000000000000000106 /* SecondaryButton.swift in Sources */,
				A10000000000000000000107 /* AppIconView.swift in Sources */,
				A10000000000000000000201 /* ProtectedApp.swift in Sources */,
				A10000000000000000000202 /* AppSettings.swift in Sources */,
				A10000000000000000000203 /* LockSession.swift in Sources */,
				A10000000000000000000204 /* AuthMethod.swift in Sources */,
				A10000000000000000000205 /* Defaults.swift in Sources */,
				A10000000000000000000206 /* KeychainManager.swift in Sources */,
				A10000000000000000000301 /* SafetyManager.swift in Sources */,
				A10000000000000000000401 /* MenuBarController.swift in Sources */,
				A10000000000000000000402 /* AppDelegate.swift in Sources */,
				A10000000000000000000403 /* MenuBarView.swift in Sources */,
				A10000000000000000000501 /* SettingsWindow.swift in Sources */,
				A10000000000000000000502 /* SettingsView.swift in Sources */,
				A10000000000000000000503 /* GeneralSettingsView.swift in Sources */,
				A10000000000000000000504 /* AppsSettingsView.swift in Sources */,
				A10000000000000000000505 /* SecuritySettingsView.swift in Sources */,
				A10000000000000000000506 /* WatchSettingsView.swift in Sources */,
				A10000000000000000000601 /* AppMonitorService.swift in Sources */,
				A10000000000000000000602 /* ProtectedAppsManager.swift in Sources */,
				A10000000000000000000701 /* AppPickerView.swift in Sources */,
				A10000000000000000000702 /* AppPickerWindow.swift in Sources */,
				A10000000000000000000801 /* LockOverlayWindow.swift in Sources */,
				A10000000000000000000802 /* LockOverlayView.swift in Sources */,
				A10000000000000000000803 /* OverlayWindowService.swift in Sources */,
				A10000000000000000000901 /* AuthenticationService.swift in Sources */,
				A10000000000000000000902 /* PasswordInputView.swift in Sources */,
				A10000000000000000000804 /* WatchUnlockToast.swift in Sources */,
				A10000000000000000000A01 /* IdleMonitorService.swift in Sources */,
				A10000000000000000000B01 /* SleepWakeService.swift in Sources */,
				A10000000000000000000C01 /* WatchProximityService.swift in Sources */,
				A10000000000000000000D01 /* OnboardingView.swift in Sources */,
				A10000000000000000000D02 /* OnboardingWindow.swift in Sources */,
				A10000000000000000000E01 /* AboutView.swift in Sources */,
				3C36B23C6F719E84D10ECE91 /* AppInactivityService.swift in Sources */,
				A10000000000000000001001 /* SettingsAuthService.swift in Sources */,
				A10000000000000000001101 /* UpdateService.swift in Sources */,
			);
			runOnlyForDeploymentPostprocessing = 0;
		};
/* End PBXSourcesBuildPhase section */

/* Begin XCBuildConfiguration section */
		A10000000000000000000061 /* Debug */ = {
			isa = XCBuildConfiguration;
			buildSettings = {
				ALWAYS_SEARCH_USER_PATHS = NO;
				ASSETCATALOG_COMPILER_GENERATE_SWIFT_ASSET_SYMBOL_EXTENSIONS = YES;
				CLANG_ANALYZER_NONNULL = YES;
				CLANG_ANALYZER_NUMBER_OBJECT_CONVERSION = YES_AGGRESSIVE;
				CLANG_CXX_LANGUAGE_STANDARD = "gnu++20";
				CLANG_ENABLE_MODULES = YES;
				CLANG_ENABLE_OBJC_ARC = YES;
				CLANG_ENABLE_OBJC_WEAK = YES;
				CLANG_WARN_BLOCK_CAPTURE_AUTORELEASING = YES;
				CLANG_WARN_BOOL_CONVERSION = YES;
				CLANG_WARN_COMMA = YES;
				CLANG_WARN_CONSTANT_CONVERSION = YES;
				CLANG_WARN_DEPRECATED_OBJC_IMPLEMENTATIONS = YES;
				CLANG_WARN_DIRECT_OBJC_ISA_USAGE = YES_ERROR;
				CLANG_WARN_DOCUMENTATION_COMMENTS = YES;
				CLANG_WARN_EMPTY_BODY = YES;
				CLANG_WARN_ENUM_CONVERSION = YES;
				CLANG_WARN_INFINITE_RECURSION = YES;
				CLANG_WARN_INT_CONVERSION = YES;
				CLANG_WARN_NON_LITERAL_NULL_CONVERSION = YES;
				CLANG_WARN_OBJC_IMPLICIT_RETAIN_SELF = YES;
				CLANG_WARN_OBJC_LITERAL_CONVERSION = YES;
				CLANG_WARN_OBJC_ROOT_CLASS = YES_ERROR;
				CLANG_WARN_QUOTED_INCLUDE_IN_FRAMEWORK_HEADER = YES;
				CLANG_WARN_RANGE_LOOP_ANALYSIS = YES;
				CLANG_WARN_STRICT_PROTOTYPES = YES;
				CLANG_WARN_SUSPICIOUS_MOVE = YES;
				CLANG_WARN_UNGUARDED_AVAILABILITY = YES_AGGRESSIVE;
				CLANG_WARN_UNREACHABLE_CODE = YES;
				CLANG_WARN__DUPLICATE_METHOD_MATCH = YES;
				COPY_PHASE_STRIP = NO;
				DEBUG_INFORMATION_FORMAT = dwarf;
				ENABLE_STRICT_OBJC_MSGSEND = YES;
				ENABLE_TESTABILITY = YES;
				ENABLE_USER_SCRIPT_SANDBOXING = YES;
				GCC_C_LANGUAGE_STANDARD = gnu17;
				GCC_DYNAMIC_NO_PIC = NO;
				GCC_NO_COMMON_BLOCKS = YES;
				GCC_OPTIMIZATION_LEVEL = 0;
				GCC_PREPROCESSOR_DEFINITIONS = (
					"DEBUG=1",
					"$(inherited)",
				);
				GCC_WARN_64_TO_32_BIT_CONVERSION = YES;
				GCC_WARN_ABOUT_RETURN_TYPE = YES_ERROR;
				GCC_WARN_UNDECLARED_SELECTOR = YES;
				GCC_WARN_UNINITIALIZED_AUTOS = YES_AGGRESSIVE;
				GCC_WARN_UNUSED_FUNCTION = YES;
				GCC_WARN_UNUSED_VARIABLE = YES;
				MACOSX_DEPLOYMENT_TARGET = 13.0;
				MTL_ENABLE_DEBUG_INFO = INCLUDE_SOURCE;
				MTL_FAST_MATH = YES;
				ONLY_ACTIVE_ARCH = YES;
				SDKROOT = macosx;
				SWIFT_ACTIVE_COMPILATION_CONDITIONS = "DEBUG $(inherited)";
				SWIFT_OPTIMIZATION_LEVEL = "-Onone";
			};
			name = Debug;
		};
		A10000000000000000000062 /* Release */ = {
			isa = XCBuildConfiguration;
			buildSettings = {
				ALWAYS_SEARCH_USER_PATHS = NO;
				ASSETCATALOG_COMPILER_GENERATE_SWIFT_ASSET_SYMBOL_EXTENSIONS = YES;
				CLANG_ANALYZER_NONNULL = YES;
				CLANG_ANALYZER_NUMBER_OBJECT_CONVERSION = YES_AGGRESSIVE;
				CLANG_CXX_LANGUAGE_STANDARD = "gnu++20";
				CLANG_ENABLE_MODULES = YES;
				CLANG_ENABLE_OBJC_ARC = YES;
				CLANG_ENABLE_OBJC_WEAK = YES;
				CLANG_WARN_BLOCK_CAPTURE_AUTORELEASING = YES;
				CLANG_WARN_BOOL_CONVERSION = YES;
				CLANG_WARN_COMMA = YES;
				CLANG_WARN_CONSTANT_CONVERSION = YES;
				CLANG_WARN_DEPRECATED_OBJC_IMPLEMENTATIONS = YES;
				CLANG_WARN_DIRECT_OBJC_ISA_USAGE = YES_ERROR;
				CLANG_WARN_DOCUMENTATION_COMMENTS = YES;
				CLANG_WARN_EMPTY_BODY = YES;
				CLANG_WARN_ENUM_CONVERSION = YES;
				CLANG_WARN_INFINITE_RECURSION = YES;
				CLANG_WARN_INT_CONVERSION = YES;
				CLANG_WARN_NON_LITERAL_NULL_CONVERSION = YES;
				CLANG_WARN_OBJC_IMPLICIT_RETAIN_SELF = YES;
				CLANG_WARN_OBJC_LITERAL_CONVERSION = YES;
				CLANG_WARN_OBJC_ROOT_CLASS = YES_ERROR;
				CLANG_WARN_QUOTED_INCLUDE_IN_FRAMEWORK_HEADER = YES;
				CLANG_WARN_RANGE_LOOP_ANALYSIS = YES;
				CLANG_WARN_STRICT_PROTOTYPES = YES;
				CLANG_WARN_SUSPICIOUS_MOVE = YES;
				CLANG_WARN_UNGUARDED_AVAILABILITY = YES_AGGRESSIVE;
				CLANG_WARN_UNREACHABLE_CODE = YES;
				CLANG_WARN__DUPLICATE_METHOD_MATCH = YES;
				COPY_PHASE_STRIP = NO;
				DEBUG_INFORMATION_FORMAT = "dwarf-with-dsym";
				ENABLE_NS_ASSERTIONS = NO;
				ENABLE_STRICT_OBJC_MSGSEND = YES;
				ENABLE_USER_SCRIPT_SANDBOXING = YES;
				GCC_C_LANGUAGE_STANDARD = gnu17;
				GCC_NO_COMMON_BLOCKS = YES;
				GCC_WARN_64_TO_32_BIT_CONVERSION = YES;
				GCC_WARN_ABOUT_RETURN_TYPE = YES_ERROR;
				GCC_WARN_UNDECLARED_SELECTOR = YES;
				GCC_WARN_UNINITIALIZED_AUTOS = YES_AGGRESSIVE;
				GCC_WARN_UNUSED_FUNCTION = YES;
				GCC_WARN_UNUSED_VARIABLE = YES;
				MACOSX_DEPLOYMENT_TARGET = 13.0;
				MTL_ENABLE_DEBUG_INFO = NO;
				MTL_FAST_MATH = YES;
				SDKROOT = macosx;
				SWIFT_COMPILATION_MODE = wholemodule;
			};
			name = Release;
		};
		A10000000000000000000064 /* Debug */ = {
			isa = XCBuildConfiguration;
			buildSettings = {
				ASSETCATALOG_COMPILER_APPICON_NAME = AppIcon;
				ASSETCATALOG_COMPILER_GLOBAL_ACCENT_COLOR_NAME = AccentColor;
				CODE_SIGN_ENTITLEMENTS = MakLock/Resources/MakLock.entitlements;
				CODE_SIGN_STYLE = Automatic;
				COMBINE_HIDPI_IMAGES = YES;
				CURRENT_PROJECT_VERSION = 3;
				ENABLE_HARDENED_RUNTIME = YES;
				GENERATE_INFOPLIST_FILE = YES;
				INFOPLIST_FILE = MakLock/Resources/Info.plist;
				INFOPLIST_KEY_NSHumanReadableCopyright = "Copyright 2026 MakMak. All rights reserved.";
				INFOPLIST_KEY_NSPrincipalClass = NSApplication;
				LD_RUNPATH_SEARCH_PATHS = (
					"$(inherited)",
					"@executable_path/../Frameworks",
				);
				MARKETING_VERSION = 1.1.0;
				PRODUCT_BUNDLE_IDENTIFIER = com.makmak.MakLock;
				PRODUCT_NAME = "$(TARGET_NAME)";
				SUPPORTS_MACCATALYST = NO;
				SWIFT_EMIT_LOC_STRINGS = YES;
				SWIFT_VERSION = 5.0;
			};
			name = Debug;
		};
		A10000000000000000000065 /* Release */ = {
			isa = XCBuildConfiguration;
			buildSettings = {
				ASSETCATALOG_COMPILER_APPICON_NAME = AppIcon;
				ASSETCATALOG_COMPILER_GLOBAL_ACCENT_COLOR_NAME = AccentColor;
				CODE_SIGN_ENTITLEMENTS = MakLock/Resources/MakLock.entitlements;
				CODE_SIGN_STYLE = Automatic;
				COMBINE_HIDPI_IMAGES = YES;
				CURRENT_PROJECT_VERSION = 3;
				ENABLE_HARDENED_RUNTIME = YES;
				GENERATE_INFOPLIST_FILE = YES;
				INFOPLIST_FILE = MakLock/Resources/Info.plist;
				INFOPLIST_KEY_NSHumanReadableCopyright = "Copyright 2026 MakMak. All rights reserved.";
				INFOPLIST_KEY_NSPrincipalClass = NSApplication;
				LD_RUNPATH_SEARCH_PATHS = (
					"$(inherited)",
					"@executable_path/../Frameworks",
				);
				MARKETING_VERSION = 1.1.0;
				PRODUCT_BUNDLE_IDENTIFIER = com.makmak.MakLock;
				PRODUCT_NAME = "$(TARGET_NAME)";
				STRIP_INSTALLED_PRODUCT = YES;
				SUPPORTS_MACCATALYST = NO;
				SWIFT_EMIT_LOC_STRINGS = YES;
				SWIFT_OPTIMIZATION_LEVEL = "-Osize";
				SWIFT_VERSION = 5.0;
			};
			name = Release;
		};
/* End XCBuildConfiguration section */

/* Begin XCConfigurationList section */
		A10000000000000000000060 /* Build configuration list for PBXProject "MakLock" */ = {
			isa = XCConfigurationList;
			buildConfigurations = (
				A10000000000000000000061 /* Debug */,
				A10000000000000000000062 /* Release */,
			);
			defaultConfigurationIsVisible = 0;
			defaultConfigurationName = Release;
		};
		A10000000000000000000063 /* Build configuration list for PBXNativeTarget "MakLock" */ = {
			isa = XCConfigurationList;
			buildConfigurations = (
				A10000000000000000000064 /* Debug */,
				A10000000000000000000065 /* Release */,
			);
			defaultConfigurationIsVisible = 0;
			defaultConfigurationName = Release;
		};
/* End XCConfigurationList section */

/* Begin XCRemoteSwiftPackageReference section */
		A10000000000000000000F01 /* XCRemoteSwiftPackageReference "HotKey" */ = {
			isa = XCRemoteSwiftPackageReference;
			repositoryURL = "https://github.com/soffes/HotKey";
			requirement = {
				kind = upToNextMajorVersion;
				minimumVersion = 0.2.1;
			};
		};
		A10000000000000000001201 /* XCRemoteSwiftPackageReference "Sparkle" */ = {
			isa = XCRemoteSwiftPackageReference;
			repositoryURL = "https://github.com/sparkle-project/Sparkle";
			requirement = {
				kind = upToNextMajorVersion;
				minimumVersion = 2.0.0;
			};
		};
/* End XCRemoteSwiftPackageReference section */

/* Begin XCSwiftPackageProductDependency section */
		A10000000000000000000F02 /* HotKey */ = {
			isa = XCSwiftPackageProductDependency;
			package = A10000000000000000000F01 /* XCRemoteSwiftPackageReference "HotKey" */;
			productName = HotKey;
		};
		A10000000000000000001202 /* Sparkle */ = {
			isa = XCSwiftPackageProductDependency;
			package = A10000000000000000001201 /* XCRemoteSwiftPackageReference "Sparkle" */;
			productName = Sparkle;
		};
/* End XCSwiftPackageProductDependency section */
	};
	rootObject = A10000000000000000000041 /* Project object */;
}
